
Microsoft Visual Studio Solution File, Format Version 12.00
# Visual Studio Version 17
VisualStudioVersion = 17.7.34031.279
MinimumVisualStudioVersion = 10.0.40219.1
Project("{FAE04EC0-301F-11D3-BF4B-00C04F79EFBC}") = "LAB2_RWP", "LAB2_RWP\LAB2_RWP.csproj", "{1C3BDCEA-C117-441B-8508-CF62A08D465D}"
EndProject
Global
	GlobalSection(SolutionConfigurationPlatforms) = preSolution
		Debug|Any CPU = Debug|Any CPU
		Release|Any CPU = Release|Any CPU
	EndGlobalSection
	GlobalSection(ProjectConfigurationPlatforms) = postSolution
		{1C3BDCEA-C117-441B-8508-CF62A08D465D}.Debug|Any CPU.ActiveCfg = Debug|Any CPU
		{1C3BDCEA-C117-441B-8508-CF62A08D465D}.Debug|Any CPU.Build.0 = Debug|Any CPU
		{1C3BDCEA-C117-441B-8508-CF62A08D465D}.Release|Any CPU.ActiveCfg = Release|Any CPU
		{1C3BDCEA-C117-441B-8508-CF62A08D465D}.Release|Any CPU.Build.0 = Release|Any CPU
	EndGlobalSection
	GlobalSection(SolutionProperties) = preSolution
		HideSolutionNode = FALSE
	EndGlobalSection
	GlobalSection(ExtensibilityGlobals) = postSolution
		SolutionGuid = {EE1B067B-3069-4D81-8D97-1062804AF4CE}
	EndGlobalSection
EndGlobal
